
Microsoft Visual Studio Solution File, Format Version 12.00
# Visual Studio Version 17
VisualStudioVersion = 17.7.34221.43
MinimumVisualStudioVersion = 10.0.40219.1
Project("{FAE04EC0-301F-11D3-BF4B-00C04F79EFBC}") = "Week10_Day3_2", "Week10_Day3_2.csproj", "{1D0EDADF-30D6-4A65-AFDE-0671C5BA1AD4}"
EndProject
Global
	GlobalSection(SolutionConfigurationPlatforms) = preSolution
		Debug|Any CPU = Debug|Any CPU
		Release|Any CPU = Release|Any CPU
	EndGlobalSection
	GlobalSection(ProjectConfigurationPlatforms) = postSolution
		{1D0EDADF-30D6-4A65-AFDE-0671C5BA1AD4}.Debug|Any CPU.ActiveCfg = Debug|Any CPU
		{1D0EDADF-30D6-4A65-AFDE-0671C5BA1AD4}.Debug|Any CPU.Build.0 = Debug|Any CPU
		{1D0EDADF-30D6-4A65-AFDE-0671C5BA1AD4}.Release|Any CPU.ActiveCfg = Release|Any CPU
		{1D0EDADF-30D6-4A65-AFDE-0671C5BA1AD4}.Release|Any CPU.Build.0 = Release|Any CPU
	EndGlobalSection
	GlobalSection(SolutionProperties) = preSolution
		HideSolutionNode = FALSE
	EndGlobalSection
	GlobalSection(ExtensibilityGlobals) = postSolution
		SolutionGuid = {174EC877-9E24-4724-A3F8-85AE2E31D717}
	EndGlobalSection
EndGlobal
