
Microsoft Visual Studio Solution File, Format Version 12.00
# Visual Studio Version 17
VisualStudioVersion = 17.9.34616.47
MinimumVisualStudioVersion = 10.0.40219.1
Project("{FAE04EC0-301F-11D3-BF4B-00C04F79EFBC}") = "OOD - Animals & Inheritence", "OOD - Animals & Inheritence.csproj", "{4B631802-54B7-4F94-A1DE-66D6AC6A14DF}"
EndProject
Global
	GlobalSection(SolutionConfigurationPlatforms) = preSolution
		Debug|Any CPU = Debug|Any CPU
		Release|Any CPU = Release|Any CPU
	EndGlobalSection
	GlobalSection(ProjectConfigurationPlatforms) = postSolution
		{4B631802-54B7-4F94-A1DE-66D6AC6A14DF}.Debug|Any CPU.ActiveCfg = Debug|Any CPU
		{4B631802-54B7-4F94-A1DE-66D6AC6A14DF}.Debug|Any CPU.Build.0 = Debug|Any CPU
		{4B631802-54B7-4F94-A1DE-66D6AC6A14DF}.Release|Any CPU.ActiveCfg = Release|Any CPU
		{4B631802-54B7-4F94-A1DE-66D6AC6A14DF}.Release|Any CPU.Build.0 = Release|Any CPU
	EndGlobalSection
	GlobalSection(SolutionProperties) = preSolution
		HideSolutionNode = FALSE
	EndGlobalSection
	GlobalSection(ExtensibilityGlobals) = postSolution
		SolutionGuid = {3C5DB478-6E87-45C0-9C62-E5B28C6DB9AA}
	EndGlobalSection
EndGlobal
