
Microsoft Visual Studio Solution File, Format Version 12.00
# Visual Studio Version 17
VisualStudioVersion = 17.8.34330.188
MinimumVisualStudioVersion = 10.0.40219.1
Project("{FAE04EC0-301F-11D3-BF4B-00C04F79EFBC}") = "Final Indv Assg - Work Tasks by Nuno", "Final Indv Assg - Work Tasks by Nuno.csproj", "{E5C159E0-8483-4A44-8BF1-4B44BDEE3C32}"
EndProject
Global
	GlobalSection(SolutionConfigurationPlatforms) = preSolution
		Debug|Any CPU = Debug|Any CPU
		Release|Any CPU = Release|Any CPU
	EndGlobalSection
	GlobalSection(ProjectConfigurationPlatforms) = postSolution
		{E5C159E0-8483-4A44-8BF1-4B44BDEE3C32}.Debug|Any CPU.ActiveCfg = Debug|Any CPU
		{E5C159E0-8483-4A44-8BF1-4B44BDEE3C32}.Debug|Any CPU.Build.0 = Debug|Any CPU
		{E5C159E0-8483-4A44-8BF1-4B44BDEE3C32}.Release|Any CPU.ActiveCfg = Release|Any CPU
		{E5C159E0-8483-4A44-8BF1-4B44BDEE3C32}.Release|Any CPU.Build.0 = Release|Any CPU
	EndGlobalSection
	GlobalSection(SolutionProperties) = preSolution
		HideSolutionNode = FALSE
	EndGlobalSection
	GlobalSection(ExtensibilityGlobals) = postSolution
		SolutionGuid = {2AF6EE56-88A6-4A91-A9FE-C388186AE32F}
	EndGlobalSection
EndGlobal
