
Microsoft Visual Studio Solution File, Format Version 12.00
# Visual Studio Version 17
VisualStudioVersion = 17.7.34221.43
MinimumVisualStudioVersion = 10.0.40219.1
Project("{FAE04EC0-301F-11D3-BF4B-00C04F79EFBC}") = "TestConsole", "TestConsole.csproj", "{CEF5432C-AA0D-446A-B6DD-934B0570744F}"
EndProject
Global
	GlobalSection(SolutionConfigurationPlatforms) = preSolution
		Debug|Any CPU = Debug|Any CPU
		Release|Any CPU = Release|Any CPU
	EndGlobalSection
	GlobalSection(ProjectConfigurationPlatforms) = postSolution
		{CEF5432C-AA0D-446A-B6DD-934B0570744F}.Debug|Any CPU.ActiveCfg = Debug|Any CPU
		{CEF5432C-AA0D-446A-B6DD-934B0570744F}.Debug|Any CPU.Build.0 = Debug|Any CPU
		{CEF5432C-AA0D-446A-B6DD-934B0570744F}.Release|Any CPU.ActiveCfg = Release|Any CPU
		{CEF5432C-AA0D-446A-B6DD-934B0570744F}.Release|Any CPU.Build.0 = Release|Any CPU
	EndGlobalSection
	GlobalSection(SolutionProperties) = preSolution
		HideSolutionNode = FALSE
	EndGlobalSection
	GlobalSection(ExtensibilityGlobals) = postSolution
		SolutionGuid = {E0DD0B24-A308-4E45-9BF0-249A20DBE865}
	EndGlobalSection
EndGlobal
