
Microsoft Visual Studio Solution File, Format Version 12.00
# Visual Studio Version 17
VisualStudioVersion = 17.7.34221.43
MinimumVisualStudioVersion = 10.0.40219.1
Project("{FAE04EC0-301F-11D3-BF4B-00C04F79EFBC}") = "Week12_Day2 - Random Password Generator", "Week12_Day2 - Random Password Generator.csproj", "{58807757-084D-4B79-BB4B-AC53EF9EEDF2}"
EndProject
Global
	GlobalSection(SolutionConfigurationPlatforms) = preSolution
		Debug|Any CPU = Debug|Any CPU
		Release|Any CPU = Release|Any CPU
	EndGlobalSection
	GlobalSection(ProjectConfigurationPlatforms) = postSolution
		{58807757-084D-4B79-BB4B-AC53EF9EEDF2}.Debug|Any CPU.ActiveCfg = Debug|Any CPU
		{58807757-084D-4B79-BB4B-AC53EF9EEDF2}.Debug|Any CPU.Build.0 = Debug|Any CPU
		{58807757-084D-4B79-BB4B-AC53EF9EEDF2}.Release|Any CPU.ActiveCfg = Release|Any CPU
		{58807757-084D-4B79-BB4B-AC53EF9EEDF2}.Release|Any CPU.Build.0 = Release|Any CPU
	EndGlobalSection
	GlobalSection(SolutionProperties) = preSolution
		HideSolutionNode = FALSE
	EndGlobalSection
	GlobalSection(ExtensibilityGlobals) = postSolution
		SolutionGuid = {C648C6AC-3A52-4ADE-9C47-FA7AF320C301}
	EndGlobalSection
EndGlobal
