
Microsoft Visual Studio Solution File, Format Version 12.00
# Visual Studio Version 17
VisualStudioVersion = 17.9.34616.47
MinimumVisualStudioVersion = 10.0.40219.1
Project("{FAE04EC0-301F-11D3-BF4B-00C04F79EFBC}") = "OOD - Student System", "OOD - Student System\OOD - Student System.csproj", "{B5123579-9B9A-4302-9067-904F1D98B277}"
EndProject
Global
	GlobalSection(SolutionConfigurationPlatforms) = preSolution
		Debug|Any CPU = Debug|Any CPU
		Release|Any CPU = Release|Any CPU
	EndGlobalSection
	GlobalSection(ProjectConfigurationPlatforms) = postSolution
		{B5123579-9B9A-4302-9067-904F1D98B277}.Debug|Any CPU.ActiveCfg = Debug|Any CPU
		{B5123579-9B9A-4302-9067-904F1D98B277}.Debug|Any CPU.Build.0 = Debug|Any CPU
		{B5123579-9B9A-4302-9067-904F1D98B277}.Release|Any CPU.ActiveCfg = Release|Any CPU
		{B5123579-9B9A-4302-9067-904F1D98B277}.Release|Any CPU.Build.0 = Release|Any CPU
	EndGlobalSection
	GlobalSection(SolutionProperties) = preSolution
		HideSolutionNode = FALSE
	EndGlobalSection
	GlobalSection(ExtensibilityGlobals) = postSolution
		SolutionGuid = {AC7B2682-9DAA-499F-978E-6D58880E8911}
	EndGlobalSection
EndGlobal
